
Microsoft Visual Studio Solution File, Format Version 12.00
# Visual Studio 2012
Project("{FAE04EC0-301F-11D3-BF4B-00C04F79EFBC}") = "test_xamarin", "test_xamarin\test_xamarin.csproj", "{9157EAD5-2264-44F5-983B-9BF549F6B60C}"
EndProject
Project("{FAE04EC0-301F-11D3-BF4B-00C04F79EFBC}") = "test_xamarin.Droid", "Droid\test_xamarin.Droid.csproj", "{5BC9D326-4D2B-4FD4-A3CA-DC9869B7578B}"
EndProject
Project("{FAE04EC0-301F-11D3-BF4B-00C04F79EFBC}") = "test_xamarin.iOS", "iOS\test_xamarin.iOS.csproj", "{5AF1C8C8-D32B-414D-BF19-7D248BDD2641}"
EndProject
Global
	GlobalSection(SolutionConfigurationPlatforms) = preSolution
		Debug|Any CPU = Debug|Any CPU
		Release|Any CPU = Release|Any CPU
		Debug|iPhoneSimulator = Debug|iPhoneSimulator
		Release|iPhone = Release|iPhone
		Release|iPhoneSimulator = Release|iPhoneSimulator
		Debug|iPhone = Debug|iPhone
	EndGlobalSection
	GlobalSection(ProjectConfigurationPlatforms) = postSolution
		{9157EAD5-2264-44F5-983B-9BF549F6B60C}.Debug|Any CPU.ActiveCfg = Debug|Any CPU
		{9157EAD5-2264-44F5-983B-9BF549F6B60C}.Debug|Any CPU.Build.0 = Debug|Any CPU
		{9157EAD5-2264-44F5-983B-9BF549F6B60C}.Release|Any CPU.ActiveCfg = Release|Any CPU
		{9157EAD5-2264-44F5-983B-9BF549F6B60C}.Release|Any CPU.Build.0 = Release|Any CPU
		{9157EAD5-2264-44F5-983B-9BF549F6B60C}.Debug|iPhoneSimulator.ActiveCfg = Debug|Any CPU
		{9157EAD5-2264-44F5-983B-9BF549F6B60C}.Debug|iPhoneSimulator.Build.0 = Debug|Any CPU
		{9157EAD5-2264-44F5-983B-9BF549F6B60C}.Release|iPhone.ActiveCfg = Release|Any CPU
		{9157EAD5-2264-44F5-983B-9BF549F6B60C}.Release|iPhone.Build.0 = Release|Any CPU
		{9157EAD5-2264-44F5-983B-9BF549F6B60C}.Release|iPhoneSimulator.ActiveCfg = Release|Any CPU
		{9157EAD5-2264-44F5-983B-9BF549F6B60C}.Release|iPhoneSimulator.Build.0 = Release|Any CPU
		{9157EAD5-2264-44F5-983B-9BF549F6B60C}.Debug|iPhone.ActiveCfg = Debug|Any CPU
		{9157EAD5-2264-44F5-983B-9BF549F6B60C}.Debug|iPhone.Build.0 = Debug|Any CPU
		{5BC9D326-4D2B-4FD4-A3CA-DC9869B7578B}.Debug|Any CPU.ActiveCfg = Debug|Any CPU
		{5BC9D326-4D2B-4FD4-A3CA-DC9869B7578B}.Debug|Any CPU.Build.0 = Debug|Any CPU
		{5BC9D326-4D2B-4FD4-A3CA-DC9869B7578B}.Release|Any CPU.ActiveCfg = Release|Any CPU
		{5BC9D326-4D2B-4FD4-A3CA-DC9869B7578B}.Release|Any CPU.Build.0 = Release|Any CPU
		{5BC9D326-4D2B-4FD4-A3CA-DC9869B7578B}.Debug|iPhoneSimulator.ActiveCfg = Debug|Any CPU
		{5BC9D326-4D2B-4FD4-A3CA-DC9869B7578B}.Debug|iPhoneSimulator.Build.0 = Debug|Any CPU
		{5BC9D326-4D2B-4FD4-A3CA-DC9869B7578B}.Release|iPhone.ActiveCfg = Release|Any CPU
		{5BC9D326-4D2B-4FD4-A3CA-DC9869B7578B}.Release|iPhone.Build.0 = Release|Any CPU
		{5BC9D326-4D2B-4FD4-A3CA-DC9869B7578B}.Release|iPhoneSimulator.ActiveCfg = Release|Any CPU
		{5BC9D326-4D2B-4FD4-A3CA-DC9869B7578B}.Release|iPhoneSimulator.Build.0 = Release|Any CPU
		{5BC9D326-4D2B-4FD4-A3CA-DC9869B7578B}.Debug|iPhone.ActiveCfg = Debug|Any CPU
		{5BC9D326-4D2B-4FD4-A3CA-DC9869B7578B}.Debug|iPhone.Build.0 = Debug|Any CPU
		{5AF1C8C8-D32B-414D-BF19-7D248BDD2641}.Debug|Any CPU.ActiveCfg = Debug|iPhoneSimulator
		{5AF1C8C8-D32B-414D-BF19-7D248BDD2641}.Debug|Any CPU.Build.0 = Debug|iPhoneSimulator
		{5AF1C8C8-D32B-414D-BF19-7D248BDD2641}.Release|Any CPU.ActiveCfg = Release|iPhone
		{5AF1C8C8-D32B-414D-BF19-7D248BDD2641}.Release|Any CPU.Build.0 = Release|iPhone
		{5AF1C8C8-D32B-414D-BF19-7D248BDD2641}.Debug|iPhoneSimulator.ActiveCfg = Debug|iPhoneSimulator
		{5AF1C8C8-D32B-414D-BF19-7D248BDD2641}.Debug|iPhoneSimulator.Build.0 = Debug|iPhoneSimulator
		{5AF1C8C8-D32B-414D-BF19-7D248BDD2641}.Release|iPhone.ActiveCfg = Release|iPhone
		{5AF1C8C8-D32B-414D-BF19-7D248BDD2641}.Release|iPhone.Build.0 = Release|iPhone
		{5AF1C8C8-D32B-414D-BF19-7D248BDD2641}.Release|iPhoneSimulator.ActiveCfg = Release|iPhoneSimulator
		{5AF1C8C8-D32B-414D-BF19-7D248BDD2641}.Release|iPhoneSimulator.Build.0 = Release|iPhoneSimulator
		{5AF1C8C8-D32B-414D-BF19-7D248BDD2641}.Debug|iPhone.ActiveCfg = Debug|iPhone
		{5AF1C8C8-D32B-414D-BF19-7D248BDD2641}.Debug|iPhone.Build.0 = Debug|iPhone
	EndGlobalSection
EndGlobal
